
Microsoft Visual Studio Solution File, Format Version 12.00
# Visual Studio 15
VisualStudioVersion = 15.0.27130.2020
MinimumVisualStudioVersion = 10.0.40219.1
Project("{9A19103F-16F7-4668-BE54-9A1E7A4F7556}") = "LoveLetter.Program", "LoveLetter.Program\LoveLetter.Program.csproj", "{189D9A6B-64C1-413F-858B-C61B4EAB22C6}"
EndProject
Project("{FAE04EC0-301F-11D3-BF4B-00C04F79EFBC}") = "LoveLetter.Logic", "LoveLetter.Logic\LoveLetter.Logic.csproj", "{1B3AFC75-F981-443E-B30D-796F406436EF}"
EndProject
Global
	GlobalSection(SolutionConfigurationPlatforms) = preSolution
		Debug|Any CPU = Debug|Any CPU
		Release|Any CPU = Release|Any CPU
	EndGlobalSection
	GlobalSection(ProjectConfigurationPlatforms) = postSolution
		{189D9A6B-64C1-413F-858B-C61B4EAB22C6}.Debug|Any CPU.ActiveCfg = Debug|Any CPU
		{189D9A6B-64C1-413F-858B-C61B4EAB22C6}.Debug|Any CPU.Build.0 = Debug|Any CPU
		{189D9A6B-64C1-413F-858B-C61B4EAB22C6}.Release|Any CPU.ActiveCfg = Release|Any CPU
		{189D9A6B-64C1-413F-858B-C61B4EAB22C6}.Release|Any CPU.Build.0 = Release|Any CPU
		{1B3AFC75-F981-443E-B30D-796F406436EF}.Debug|Any CPU.ActiveCfg = Debug|Any CPU
		{1B3AFC75-F981-443E-B30D-796F406436EF}.Debug|Any CPU.Build.0 = Debug|Any CPU
		{1B3AFC75-F981-443E-B30D-796F406436EF}.Release|Any CPU.ActiveCfg = Release|Any CPU
		{1B3AFC75-F981-443E-B30D-796F406436EF}.Release|Any CPU.Build.0 = Release|Any CPU
	EndGlobalSection
	GlobalSection(SolutionProperties) = preSolution
		HideSolutionNode = FALSE
	EndGlobalSection
	GlobalSection(ExtensibilityGlobals) = postSolution
		SolutionGuid = {6CC0804D-A707-4769-8074-C5CFDA0EA43A}
	EndGlobalSection
EndGlobal
